
Microsoft Visual Studio Solution File, Format Version 12.00
# Visual Studio Version 16
VisualStudioVersion = 16.0.29009.5
MinimumVisualStudioVersion = 10.0.40219.1
Project("{FAE04EC0-301F-11D3-BF4B-00C04F79EFBC}") = "coursework_db_mvc_cf", "coursework_db_mvc_cf\coursework_db_mvc_cf.csproj", "{8250E214-D496-4436-A391-6D1405918197}"
EndProject
Global
	GlobalSection(SolutionConfigurationPlatforms) = preSolution
		Debug|Any CPU = Debug|Any CPU
		Release|Any CPU = Release|Any CPU
	EndGlobalSection
	GlobalSection(ProjectConfigurationPlatforms) = postSolution
		{8250E214-D496-4436-A391-6D1405918197}.Debug|Any CPU.ActiveCfg = Debug|Any CPU
		{8250E214-D496-4436-A391-6D1405918197}.Debug|Any CPU.Build.0 = Debug|Any CPU
		{8250E214-D496-4436-A391-6D1405918197}.Release|Any CPU.ActiveCfg = Release|Any CPU
		{8250E214-D496-4436-A391-6D1405918197}.Release|Any CPU.Build.0 = Release|Any CPU
	EndGlobalSection
	GlobalSection(SolutionProperties) = preSolution
		HideSolutionNode = FALSE
	EndGlobalSection
	GlobalSection(ExtensibilityGlobals) = postSolution
		SolutionGuid = {65B30A8C-5892-41B6-A95E-416BBC2B9112}
	EndGlobalSection
EndGlobal
