
Microsoft Visual Studio Solution File, Format Version 12.00
# Visual Studio Version 16
VisualStudioVersion = 16.0.31313.79
MinimumVisualStudioVersion = 10.0.40219.1
Project("{FAE04EC0-301F-11D3-BF4B-00C04F79EFBC}") = "TcpServer", "TcpServer\TcpServer.csproj", "{A8EAA4C8-2BA6-4F2F-9DEC-0AA1DAF33787}"
EndProject
Global
	GlobalSection(SolutionConfigurationPlatforms) = preSolution
		Debug|Any CPU = Debug|Any CPU
		Release|Any CPU = Release|Any CPU
	EndGlobalSection
	GlobalSection(ProjectConfigurationPlatforms) = postSolution
		{A8EAA4C8-2BA6-4F2F-9DEC-0AA1DAF33787}.Debug|Any CPU.ActiveCfg = Debug|Any CPU
		{A8EAA4C8-2BA6-4F2F-9DEC-0AA1DAF33787}.Debug|Any CPU.Build.0 = Debug|Any CPU
		{A8EAA4C8-2BA6-4F2F-9DEC-0AA1DAF33787}.Release|Any CPU.ActiveCfg = Release|Any CPU
		{A8EAA4C8-2BA6-4F2F-9DEC-0AA1DAF33787}.Release|Any CPU.Build.0 = Release|Any CPU
	EndGlobalSection
	GlobalSection(SolutionProperties) = preSolution
		HideSolutionNode = FALSE
	EndGlobalSection
	GlobalSection(ExtensibilityGlobals) = postSolution
		SolutionGuid = {D4C8EB08-AA15-4466-AFBB-C0A256AECE70}
	EndGlobalSection
EndGlobal
